<?xml version="1.0" encoding="UTF-8" standalone="yes" ?>
<CodeBlocks_project_file>
	<FileVersion major="1" minor="6" />
	<Project>
		<Option title="Tokomedia_2" />
		<Option pch_mode="2" />
		<Option compiler="gcc" />
		<Build>
			<Target title="Debug">
				<Option output="bin/Debug/Tokomedia_2" prefix_auto="1" extension_auto="1" />
				<Option object_output="obj/Debug/" />
				<Option type="1" />
				<Option compiler="gcc" />
				<Compiler>
					<Add option="-g" />
					<Add directory="C:/Program Files (x86)/Dev-Cpp/MinGW64/include" />
				</Compiler>
				<Linker>
					<Add library="C:/Program Files (x86)/Dev-Cpp/MinGW64/lib/libmysql.a" />
				</Linker>
			</Target>
			<Target title="Release">
				<Option output="bin/Release/Tokomedia_2" prefix_auto="1" extension_auto="1" />
				<Option object_output="obj/Release/" />
				<Option type="1" />
				<Option compiler="gcc" />
				<Compiler>
					<Add option="-O2" />
				</Compiler>
				<Linker>
					<Add option="-s" />
				</Linker>
			</Target>
		</Build>
		<Compiler>
			<Add option="-Wall" />
			<Add option="-fexceptions" />
		</Compiler>
		<Unit filename="config/connectDatabase.h">
			<Option target="Debug" />
		</Unit>
		<Unit filename="display/displayEmail.h">
			<Option target="Debug" />
		</Unit>
		<Unit filename="env.h">
			<Option target="Debug" />
		</Unit>
		<Unit filename="main.cpp" />
		<Unit filename="migration/migrateDatabase.h">
			<Option target="Debug" />
		</Unit>
		<Unit filename="model/modelEmail.h">
			<Option target="Debug" />
		</Unit>
		<Unit filename="model/modelEmailInbox.h">
			<Option target="Debug" />
		</Unit>
		<Unit filename="model/modelEmailSent.h">
			<Option target="Debug" />
		</Unit>
		<Unit filename="service/serviceEmail.h">
			<Option target="Debug" />
		</Unit>
		<Unit filename="service/serviceEmailInbox.h">
			<Option target="Debug" />
		</Unit>
		<Unit filename="service/serviceEmailSent.h">
			<Option target="Debug" />
		</Unit>
		<Unit filename="start/startProgram.h">
			<Option target="Debug" />
		</Unit>
		<Unit filename="tools/cursorTools.h">
			<Option target="Debug" />
		</Unit>
		<Unit filename="tools/hasherTools.h">
			<Option target="Debug" />
		</Unit>
		<Unit filename="tools/sha256.cpp">
			<Option target="Debug" />
		</Unit>
		<Unit filename="tools/sha256.h">
			<Option target="Debug" />
		</Unit>
		<Unit filename="tools/timeTools.h">
			<Option target="Debug" />
		</Unit>
		<Extensions>
			<lib_finder disable_auto="1" />
		</Extensions>
	</Project>
</CodeBlocks_project_file>
